
Microsoft Visual Studio Solution File, Format Version 12.00
# Visual Studio Version 17
VisualStudioVersion = 17.10.35013.160
MinimumVisualStudioVersion = 10.0.40219.1
Project("{FAE04EC0-301F-11D3-BF4B-00C04F79EFBC}") = "MealPlannerApp", "MealPlannerApp.csproj", "{3558F531-0016-488C-AE29-31464A5703E5}"
EndProject
Global
	GlobalSection(SolutionConfigurationPlatforms) = preSolution
		Debug|Any CPU = Debug|Any CPU
		Release|Any CPU = Release|Any CPU
	EndGlobalSection
	GlobalSection(ProjectConfigurationPlatforms) = postSolution
		{3558F531-0016-488C-AE29-31464A5703E5}.Debug|Any CPU.ActiveCfg = Debug|Any CPU
		{3558F531-0016-488C-AE29-31464A5703E5}.Debug|Any CPU.Build.0 = Debug|Any CPU
		{3558F531-0016-488C-AE29-31464A5703E5}.Release|Any CPU.ActiveCfg = Release|Any CPU
		{3558F531-0016-488C-AE29-31464A5703E5}.Release|Any CPU.Build.0 = Release|Any CPU
	EndGlobalSection
	GlobalSection(SolutionProperties) = preSolution
		HideSolutionNode = FALSE
	EndGlobalSection
	GlobalSection(ExtensibilityGlobals) = postSolution
		SolutionGuid = {B9448AAA-6D91-45A9-9E35-80EAA7DD536B}
	EndGlobalSection
EndGlobal
